// !$*UTF8*$!
{
	archiveVersion = 1;
	classes = {
	};
	objectVersion = 46;
	objects = {

/* Begin PBXBuildFile section */
		3C9154691DF6A72900ACF682 /* main.m in Sources */ = {isa = PBXBuildFile; fileRef = 3C9154681DF6A72900ACF682 /* main.m */; };
		3C91546C1DF6A72900ACF682 /* AppDelegate.m in Sources */ = {isa = PBXBuildFile; fileRef = 3C91546B1DF6A72900ACF682 /* AppDelegate.m */; };
		3C91546F1DF6A72900ACF682 /* ViewController.m in Sources */ = {isa = PBXBuildFile; fileRef = 3C91546E1DF6A72900ACF682 /* ViewController.m */; };
		3C9154721DF6A72900ACF682 /* Main.storyboard in Resources */ = {isa = PBXBuildFile; fileRef = 3C9154701DF6A72900ACF682 /* Main.storyboard */; };
		3C9154751DF6A72900ACF682 /* Capnote.xcdatamodeld in Sources */ = {isa = PBXBuildFile; fileRef = 3C9154731DF6A72900ACF682 /* Capnote.xcdatamodeld */; };
		3C9154771DF6A72900ACF682 /* Assets.xcassets in Resources */ = {isa = PBXBuildFile; fileRef = 3C9154761DF6A72900ACF682 /* Assets.xcassets */; };
		3C91547A1DF6A72900ACF682 /* LaunchScreen.storyboard in Resources */ = {isa = PBXBuildFile; fileRef = 3C9154781DF6A72900ACF682 /* LaunchScreen.storyboard */; };
		3C9154851DF6A72900ACF682 /* CapnoteTests.m in Sources */ = {isa = PBXBuildFile; fileRef = 3C9154841DF6A72900ACF682 /* CapnoteTests.m */; };
		3C9154901DF6A72900ACF682 /* CapnoteUITests.m in Sources */ = {isa = PBXBuildFile; fileRef = 3C91548F1DF6A72900ACF682 /* CapnoteUITests.m */; };
		3C9154A01DF7B17300ACF682 /* FeedTableViewController.m in Sources */ = {isa = PBXBuildFile; fileRef = 3C91549F1DF7B17300ACF682 /* FeedTableViewController.m */; };
		3C9154A11DF7B17300ACF682 /* FeedTableViewController.m in Sources */ = {isa = PBXBuildFile; fileRef = 3C91549F1DF7B17300ACF682 /* FeedTableViewController.m */; };
		3C9154A21DF7B17300ACF682 /* FeedTableViewController.m in Sources */ = {isa = PBXBuildFile; fileRef = 3C91549F1DF7B17300ACF682 /* FeedTableViewController.m */; };
		3C9154A51DF7B39800ACF682 /* FeedTableViewCell.m in Sources */ = {isa = PBXBuildFile; fileRef = 3C9154A41DF7B39800ACF682 /* FeedTableViewCell.m */; };
		3C9154A61DF7B39800ACF682 /* FeedTableViewCell.m in Sources */ = {isa = PBXBuildFile; fileRef = 3C9154A41DF7B39800ACF682 /* FeedTableViewCell.m */; };
		3C9154A71DF7B39800ACF682 /* FeedTableViewCell.m in Sources */ = {isa = PBXBuildFile; fileRef = 3C9154A41DF7B39800ACF682 /* FeedTableViewCell.m */; };
		3C9154AB1DF7D44700ACF682 /* DataModel.m in Sources */ = {isa = PBXBuildFile; fileRef = 3C9154AA1DF7D44700ACF682 /* DataModel.m */; };
		3C9154AC1DF7D44700ACF682 /* DataModel.m in Sources */ = {isa = PBXBuildFile; fileRef = 3C9154AA1DF7D44700ACF682 /* DataModel.m */; };
		3C9154AD1DF7D44700ACF682 /* DataModel.m in Sources */ = {isa = PBXBuildFile; fileRef = 3C9154AA1DF7D44700ACF682 /* DataModel.m */; };
		3C9154AF1DF7DD0000ACF682 /* Activity Feed-50.png in Resources */ = {isa = PBXBuildFile; fileRef = 3C9154AE1DF7DD0000ACF682 /* Activity Feed-50.png */; };
		3C9154B01DF7DD0000ACF682 /* Activity Feed-50.png in Resources */ = {isa = PBXBuildFile; fileRef = 3C9154AE1DF7DD0000ACF682 /* Activity Feed-50.png */; };
		3C9154B11DF7DD0000ACF682 /* Activity Feed-50.png in Resources */ = {isa = PBXBuildFile; fileRef = 3C9154AE1DF7DD0000ACF682 /* Activity Feed-50.png */; };
		3C9154B31DF7E43400ACF682 /* GoogleService-Info.plist in Resources */ = {isa = PBXBuildFile; fileRef = 3C9154B21DF7E43400ACF682 /* GoogleService-Info.plist */; };
		3C9154B41DF7E43400ACF682 /* GoogleService-Info.plist in Resources */ = {isa = PBXBuildFile; fileRef = 3C9154B21DF7E43400ACF682 /* GoogleService-Info.plist */; };
		3C9154B51DF7E43400ACF682 /* GoogleService-Info.plist in Resources */ = {isa = PBXBuildFile; fileRef = 3C9154B21DF7E43400ACF682 /* GoogleService-Info.plist */; };
		4EE03D17D414457301AD4033 /* libPods-Capnote.a in Frameworks */ = {isa = PBXBuildFile; fileRef = 68DF9DC9AF5BE06ED58EBBC5 /* libPods-Capnote.a */; };
		7CAD3E7272CDBC556ADF3A7F /* libPods-CapnoteTests.a in Frameworks */ = {isa = PBXBuildFile; fileRef = DBBDE8132D0BC66895207797 /* libPods-CapnoteTests.a */; };
		7F6F5F5DCD8ABE09197797B3 /* libPods-CapnoteUITests.a in Frameworks */ = {isa = PBXBuildFile; fileRef = F512DC5A86715B929B93D3FA /* libPods-CapnoteUITests.a */; };
/* End PBXBuildFile section */

/* Begin PBXContainerItemProxy section */
		3C9154811DF6A72900ACF682 /* PBXContainerItemProxy */ = {
			isa = PBXContainerItemProxy;
			containerPortal = 3C91545C1DF6A72900ACF682 /* Project object */;
			proxyType = 1;
			remoteGlobalIDString = 3C9154631DF6A72900ACF682;
			remoteInfo = Capnote;
		};
		3C91548C1DF6A72900ACF682 /* PBXContainerItemProxy */ = {
			isa = PBXContainerItemProxy;
			containerPortal = 3C91545C1DF6A72900ACF682 /* Project object */;
			proxyType = 1;
			remoteGlobalIDString = 3C9154631DF6A72900ACF682;
			remoteInfo = Capnote;
		};
/* End PBXContainerItemProxy section */

/* Begin PBXFileReference section */
		35905CFE0A0AA86F5FCE5E75 /* Pods-CapnoteUITests.debug.xcconfig */ = {isa = PBXFileReference; includeInIndex = 1; lastKnownFileType = text.xcconfig; name = "Pods-CapnoteUITests.debug.xcconfig"; path = "Pods/Target Support Files/Pods-CapnoteUITests/Pods-CapnoteUITests.debug.xcconfig"; sourceTree = "<group>"; };
		3A53E03BAB94EBB4D004D14F /* Pods-CapnoteTests.release.xcconfig */ = {isa = PBXFileReference; includeInIndex = 1; lastKnownFileType = text.xcconfig; name = "Pods-CapnoteTests.release.xcconfig"; path = "Pods/Target Support Files/Pods-CapnoteTests/Pods-CapnoteTests.release.xcconfig"; sourceTree = "<group>"; };
		3C9154641DF6A72900ACF682 /* Capnote.app */ = {isa = PBXFileReference; explicitFileType = wrapper.application; includeInIndex = 0; path = Capnote.app; sourceTree = BUILT_PRODUCTS_DIR; };
		3C9154681DF6A72900ACF682 /* main.m */ = {isa = PBXFileReference; lastKnownFileType = sourcecode.c.objc; path = main.m; sourceTree = "<group>"; };
		3C91546A1DF6A72900ACF682 /* AppDelegate.h */ = {isa = PBXFileReference; lastKnownFileType = sourcecode.c.h; path = AppDelegate.h; sourceTree = "<group>"; };
		3C91546B1DF6A72900ACF682 /* AppDelegate.m */ = {isa = PBXFileReference; lastKnownFileType = sourcecode.c.objc; path = AppDelegate.m; sourceTree = "<group>"; };
		3C91546D1DF6A72900ACF682 /* ViewController.h */ = {isa = PBXFileReference; lastKnownFileType = sourcecode.c.h; path = ViewController.h; sourceTree = "<group>"; };
		3C91546E1DF6A72900ACF682 /* ViewController.m */ = {isa = PBXFileReference; lastKnownFileType = sourcecode.c.objc; path = ViewController.m; sourceTree = "<group>"; };
		3C9154711DF6A72900ACF682 /* Base */ = {isa = PBXFileReference; lastKnownFileType = file.storyboard; name = Base; path = Base.lproj/Main.storyboard; sourceTree = "<group>"; };
		3C9154741DF6A72900ACF682 /* Capnote.xcdatamodel */ = {isa = PBXFileReference; lastKnownFileType = wrapper.xcdatamodel; path = Capnote.xcdatamodel; sourceTree = "<group>"; };
		3C9154761DF6A72900ACF682 /* Assets.xcassets */ = {isa = PBXFileReference; lastKnownFileType = folder.assetcatalog; path = Assets.xcassets; sourceTree = "<group>"; };
		3C9154791DF6A72900ACF682 /* Base */ = {isa = PBXFileReference; lastKnownFileType = file.storyboard; name = Base; path = Base.lproj/LaunchScreen.storyboard; sourceTree = "<group>"; };
		3C91547B1DF6A72900ACF682 /* Info.plist */ = {isa = PBXFileReference; lastKnownFileType = text.plist.xml; path = Info.plist; sourceTree = "<group>"; };
		3C9154801DF6A72900ACF682 /* CapnoteTests.xctest */ = {isa = PBXFileReference; explicitFileType = wrapper.cfbundle; includeInIndex = 0; path = CapnoteTests.xctest; sourceTree = BUILT_PRODUCTS_DIR; };
		3C9154841DF6A72900ACF682 /* CapnoteTests.m */ = {isa = PBXFileReference; lastKnownFileType = sourcecode.c.objc; path = CapnoteTests.m; sourceTree = "<group>"; };
		3C9154861DF6A72900ACF682 /* Info.plist */ = {isa = PBXFileReference; lastKnownFileType = text.plist.xml; path = Info.plist; sourceTree = "<group>"; };
		3C91548B1DF6A72900ACF682 /* CapnoteUITests.xctest */ = {isa = PBXFileReference; explicitFileType = wrapper.cfbundle; includeInIndex = 0; path = CapnoteUITests.xctest; sourceTree = BUILT_PRODUCTS_DIR; };
		3C91548F1DF6A72900ACF682 /* CapnoteUITests.m */ = {isa = PBXFileReference; lastKnownFileType = sourcecode.c.objc; path = CapnoteUITests.m; sourceTree = "<group>"; };
		3C9154911DF6A72900ACF682 /* Info.plist */ = {isa = PBXFileReference; lastKnownFileType = text.plist.xml; path = Info.plist; sourceTree = "<group>"; };
		3C91549E1DF7B17300ACF682 /* FeedTableViewController.h */ = {isa = PBXFileReference; fileEncoding = 4; lastKnownFileType = sourcecode.c.h; path = FeedTableViewController.h; sourceTree = "<group>"; };
		3C91549F1DF7B17300ACF682 /* FeedTableViewController.m */ = {isa = PBXFileReference; fileEncoding = 4; lastKnownFileType = sourcecode.c.objc; path = FeedTableViewController.m; sourceTree = "<group>"; };
		3C9154A31DF7B39800ACF682 /* FeedTableViewCell.h */ = {isa = PBXFileReference; fileEncoding = 4; lastKnownFileType = sourcecode.c.h; path = FeedTableViewCell.h; sourceTree = "<group>"; };
		3C9154A41DF7B39800ACF682 /* FeedTableViewCell.m */ = {isa = PBXFileReference; fileEncoding = 4; lastKnownFileType = sourcecode.c.objc; path = FeedTableViewCell.m; sourceTree = "<group>"; };
		3C9154A91DF7D44700ACF682 /* DataModel.h */ = {isa = PBXFileReference; fileEncoding = 4; lastKnownFileType = sourcecode.c.h; path = DataModel.h; sourceTree = "<group>"; };
		3C9154AA1DF7D44700ACF682 /* DataModel.m */ = {isa = PBXFileReference; fileEncoding = 4; lastKnownFileType = sourcecode.c.objc; path = DataModel.m; sourceTree = "<group>"; };
		3C9154AE1DF7DD0000ACF682 /* Activity Feed-50.png */ = {isa = PBXFileReference; lastKnownFileType = image.png; path = "Activity Feed-50.png"; sourceTree = "<group>"; };
		3C9154B21DF7E43400ACF682 /* GoogleService-Info.plist */ = {isa = PBXFileReference; fileEncoding = 4; lastKnownFileType = text.plist.xml; path = "GoogleService-Info.plist"; sourceTree = "<group>"; };
		3C9154B61DF7FBCE00ACF682 /* Capnote.entitlements */ = {isa = PBXFileReference; lastKnownFileType = text.plist.entitlements; path = Capnote.entitlements; sourceTree = "<group>"; };
		3E3C7689A860E818D5854F74 /* Pods-CapnoteTests.debug.xcconfig */ = {isa = PBXFileReference; includeInIndex = 1; lastKnownFileType = text.xcconfig; name = "Pods-CapnoteTests.debug.xcconfig"; path = "Pods/Target Support Files/Pods-CapnoteTests/Pods-CapnoteTests.debug.xcconfig"; sourceTree = "<group>"; };
		58B01B0A19F942C635E8E228 /* Pods-Capnote.release.xcconfig */ = {isa = PBXFileReference; includeInIndex = 1; lastKnownFileType = text.xcconfig; name = "Pods-Capnote.release.xcconfig"; path = "Pods/Target Support Files/Pods-Capnote/Pods-Capnote.release.xcconfig"; sourceTree = "<group>"; };
		68DF9DC9AF5BE06ED58EBBC5 /* libPods-Capnote.a */ = {isa = PBXFileReference; explicitFileType = archive.ar; includeInIndex = 0; path = "libPods-Capnote.a"; sourceTree = BUILT_PRODUCTS_DIR; };
		8F4D755AD2CFF407617A2D78 /* Pods-CapnoteUITests.release.xcconfig */ = {isa = PBXFileReference; includeInIndex = 1; lastKnownFileType = text.xcconfig; name = "Pods-CapnoteUITests.release.xcconfig"; path = "Pods/Target Support Files/Pods-CapnoteUITests/Pods-CapnoteUITests.release.xcconfig"; sourceTree = "<group>"; };
		AF2B4DD2AFE1A1144D0C40E9 /* Pods-Capnote.debug.xcconfig */ = {isa = PBXFileReference; includeInIndex = 1; lastKnownFileType = text.xcconfig; name = "Pods-Capnote.debug.xcconfig"; path = "Pods/Target Support Files/Pods-Capnote/Pods-Capnote.debug.xcconfig"; sourceTree = "<group>"; };
		DBBDE8132D0BC66895207797 /* libPods-CapnoteTests.a */ = {isa = PBXFileReference; explicitFileType = archive.ar; includeInIndex = 0; path = "libPods-CapnoteTests.a"; sourceTree = BUILT_PRODUCTS_DIR; };
		F512DC5A86715B929B93D3FA /* libPods-CapnoteUITests.a */ = {isa = PBXFileReference; explicitFileType = archive.ar; includeInIndex = 0; path = "libPods-CapnoteUITests.a"; sourceTree = BUILT_PRODUCTS_DIR; };
/* End PBXFileReference section */

/* Begin PBXFrameworksBuildPhase section */
		3C9154611DF6A72900ACF682 /* Frameworks */ = {
			isa = PBXFrameworksBuildPhase;
			buildActionMask = 2147483647;
			files = (
				4EE03D17D414457301AD4033 /* libPods-Capnote.a in Frameworks */,
			);
			runOnlyForDeploymentPostprocessing = 0;
		};
		3C91547D1DF6A72900ACF682 /* Frameworks */ = {
			isa = PBXFrameworksBuildPhase;
			buildActionMask = 2147483647;
			files = (
				7CAD3E7272CDBC556ADF3A7F /* libPods-CapnoteTests.a in Frameworks */,
			);
			runOnlyForDeploymentPostprocessing = 0;
		};
		3C9154881DF6A72900ACF682 /* Frameworks */ = {
			isa = PBXFrameworksBuildPhase;
			buildActionMask = 2147483647;
			files = (
				7F6F5F5DCD8ABE09197797B3 /* libPods-CapnoteUITests.a in Frameworks */,
			);
			runOnlyForDeploymentPostprocessing = 0;
		};
/* End PBXFrameworksBuildPhase section */

/* Begin PBXGroup section */
		3C91545B1DF6A72900ACF682 = {
			isa = PBXGroup;
			children = (
				3C9154661DF6A72900ACF682 /* Capnote */,
				3C9154831DF6A72900ACF682 /* CapnoteTests */,
				3C91548E1DF6A72900ACF682 /* CapnoteUITests */,
				3C9154651DF6A72900ACF682 /* Products */,
				EE0C55C2AE4745734ABFEDB8 /* Pods */,
				B65588BEFE30E5110073048F /* Frameworks */,
			);
			sourceTree = "<group>";
		};
		3C9154651DF6A72900ACF682 /* Products */ = {
			isa = PBXGroup;
			children = (
				3C9154641DF6A72900ACF682 /* Capnote.app */,
				3C9154801DF6A72900ACF682 /* CapnoteTests.xctest */,
				3C91548B1DF6A72900ACF682 /* CapnoteUITests.xctest */,
			);
			name = Products;
			sourceTree = "<group>";
		};
		3C9154661DF6A72900ACF682 /* Capnote */ = {
			isa = PBXGroup;
			children = (
				3C9154B61DF7FBCE00ACF682 /* Capnote.entitlements */,
				3C9154A81DF7D08300ACF682 /* DataModel */,
				3C91549D1DF7B13D00ACF682 /* Feed */,
				3C91546A1DF6A72900ACF682 /* AppDelegate.h */,
				3C91546B1DF6A72900ACF682 /* AppDelegate.m */,
				3C91546D1DF6A72900ACF682 /* ViewController.h */,
				3C91546E1DF6A72900ACF682 /* ViewController.m */,
				3C9154701DF6A72900ACF682 /* Main.storyboard */,
				3C9154761DF6A72900ACF682 /* Assets.xcassets */,
				3C9154AE1DF7DD0000ACF682 /* Activity Feed-50.png */,
				3C9154781DF6A72900ACF682 /* LaunchScreen.storyboard */,
				3C91547B1DF6A72900ACF682 /* Info.plist */,
				3C9154B21DF7E43400ACF682 /* GoogleService-Info.plist */,
				3C9154731DF6A72900ACF682 /* Capnote.xcdatamodeld */,
				3C9154671DF6A72900ACF682 /* Supporting Files */,
			);
			path = Capnote;
			sourceTree = "<group>";
		};
		3C9154671DF6A72900ACF682 /* Supporting Files */ = {
			isa = PBXGroup;
			children = (
				3C9154681DF6A72900ACF682 /* main.m */,
			);
			name = "Supporting Files";
			sourceTree = "<group>";
		};
		3C9154831DF6A72900ACF682 /* CapnoteTests */ = {
			isa = PBXGroup;
			children = (
				3C9154841DF6A72900ACF682 /* CapnoteTests.m */,
				3C9154861DF6A72900ACF682 /* Info.plist */,
			);
			path = CapnoteTests;
			sourceTree = "<group>";
		};
		3C91548E1DF6A72900ACF682 /* CapnoteUITests */ = {
			isa = PBXGroup;
			children = (
				3C91548F1DF6A72900ACF682 /* CapnoteUITests.m */,
				3C9154911DF6A72900ACF682 /* Info.plist */,
			);
			path = CapnoteUITests;
			sourceTree = "<group>";
		};
		3C91549D1DF7B13D00ACF682 /* Feed */ = {
			isa = PBXGroup;
			children = (
				3C91549E1DF7B17300ACF682 /* FeedTableViewController.h */,
				3C91549F1DF7B17300ACF682 /* FeedTableViewController.m */,
				3C9154A31DF7B39800ACF682 /* FeedTableViewCell.h */,
				3C9154A41DF7B39800ACF682 /* FeedTableViewCell.m */,
			);
			name = Feed;
			sourceTree = "<group>";
		};
		3C9154A81DF7D08300ACF682 /* DataModel */ = {
			isa = PBXGroup;
			children = (
				3C9154A91DF7D44700ACF682 /* DataModel.h */,
				3C9154AA1DF7D44700ACF682 /* DataModel.m */,
			);
			name = DataModel;
			sourceTree = "<group>";
		};
		B65588BEFE30E5110073048F /* Frameworks */ = {
			isa = PBXGroup;
			children = (
				68DF9DC9AF5BE06ED58EBBC5 /* libPods-Capnote.a */,
				DBBDE8132D0BC66895207797 /* libPods-CapnoteTests.a */,
				F512DC5A86715B929B93D3FA /* libPods-CapnoteUITests.a */,
			);
			name = Frameworks;
			sourceTree = "<group>";
		};
		EE0C55C2AE4745734ABFEDB8 /* Pods */ = {
			isa = PBXGroup;
			children = (
				AF2B4DD2AFE1A1144D0C40E9 /* Pods-Capnote.debug.xcconfig */,
				58B01B0A19F942C635E8E228 /* Pods-Capnote.release.xcconfig */,
				3E3C7689A860E818D5854F74 /* Pods-CapnoteTests.debug.xcconfig */,
				3A53E03BAB94EBB4D004D14F /* Pods-CapnoteTests.release.xcconfig */,
				35905CFE0A0AA86F5FCE5E75 /* Pods-CapnoteUITests.debug.xcconfig */,
				8F4D755AD2CFF407617A2D78 /* Pods-CapnoteUITests.release.xcconfig */,
			);
			name = Pods;
			sourceTree = "<group>";
		};
/* End PBXGroup section */

/* Begin PBXNativeTarget section */
		3C9154631DF6A72900ACF682 /* Capnote */ = {
			isa = PBXNativeTarget;
			buildConfigurationList = 3C9154941DF6A72900ACF682 /* Build configuration list for PBXNativeTarget "Capnote" */;
			buildPhases = (
				B169EE0F9AC66B815141E46B /* [CP] Check Pods Manifest.lock */,
				3C9154601DF6A72900ACF682 /* Sources */,
				3C9154611DF6A72900ACF682 /* Frameworks */,
				3C9154621DF6A72900ACF682 /* Resources */,
				EFAFC4BDCCAEC3309BD5F9E5 /* [CP] Embed Pods Frameworks */,
				EEF1EAFA3E7074EE0CBA5157 /* [CP] Copy Pods Resources */,
			);
			buildRules = (
			);
			dependencies = (
			);
			name = Capnote;
			productName = Capnote;
			productReference = 3C9154641DF6A72900ACF682 /* Capnote.app */;
			productType = "com.apple.product-type.application";
		};
		3C91547F1DF6A72900ACF682 /* CapnoteTests */ = {
			isa = PBXNativeTarget;
			buildConfigurationList = 3C9154971DF6A72900ACF682 /* Build configuration list for PBXNativeTarget "CapnoteTests" */;
			buildPhases = (
				22FFDB3341C148020816A13A /* [CP] Check Pods Manifest.lock */,
				3C91547C1DF6A72900ACF682 /* Sources */,
				3C91547D1DF6A72900ACF682 /* Frameworks */,
				3C91547E1DF6A72900ACF682 /* Resources */,
				E88952C8C0C127420DCAD0D8 /* [CP] Embed Pods Frameworks */,
				247D0635A07C214BE4993311 /* [CP] Copy Pods Resources */,
			);
			buildRules = (
			);
			dependencies = (
				3C9154821DF6A72900ACF682 /* PBXTargetDependency */,
			);
			name = CapnoteTests;
			productName = CapnoteTests;
			productReference = 3C9154801DF6A72900ACF682 /* CapnoteTests.xctest */;
			productType = "com.apple.product-type.bundle.unit-test";
		};
		3C91548A1DF6A72900ACF682 /* CapnoteUITests */ = {
			isa = PBXNativeTarget;
			buildConfigurationList = 3C91549A1DF6A72900ACF682 /* Build configuration list for PBXNativeTarget "CapnoteUITests" */;
			buildPhases = (
				C508D699FA03F3BB6E30E166 /* [CP] Check Pods Manifest.lock */,
				3C9154871DF6A72900ACF682 /* Sources */,
				3C9154881DF6A72900ACF682 /* Frameworks */,
				3C9154891DF6A72900ACF682 /* Resources */,
				11C081C2964487F9DD29B8CD /* [CP] Embed Pods Frameworks */,
				A79A9F3E9B8983536733617B /* [CP] Copy Pods Resources */,
			);
			buildRules = (
			);
			dependencies = (
				3C91548D1DF6A72900ACF682 /* PBXTargetDependency */,
			);
			name = CapnoteUITests;
			productName = CapnoteUITests;
			productReference = 3C91548B1DF6A72900ACF682 /* CapnoteUITests.xctest */;
			productType = "com.apple.product-type.bundle.ui-testing";
		};
/* End PBXNativeTarget section */

/* Begin PBXProject section */
		3C91545C1DF6A72900ACF682 /* Project object */ = {
			isa = PBXProject;
			attributes = {
				LastUpgradeCheck = 0810;
				ORGANIZATIONNAME = "Daler Asrorov";
				TargetAttributes = {
					3C9154631DF6A72900ACF682 = {
						CreatedOnToolsVersion = 8.1;
						DevelopmentTeam = 8M69JLFD46;
						ProvisioningStyle = Automatic;
						SystemCapabilities = {
							com.apple.Keychain = {
								enabled = 1;
							};
						};
					};
					3C91547F1DF6A72900ACF682 = {
						CreatedOnToolsVersion = 8.1;
						ProvisioningStyle = Automatic;
						TestTargetID = 3C9154631DF6A72900ACF682;
					};
					3C91548A1DF6A72900ACF682 = {
						CreatedOnToolsVersion = 8.1;
						ProvisioningStyle = Automatic;
						TestTargetID = 3C9154631DF6A72900ACF682;
					};
				};
			};
			buildConfigurationList = 3C91545F1DF6A72900ACF682 /* Build configuration list for PBXProject "Capnote" */;
			compatibilityVersion = "Xcode 3.2";
			developmentRegion = English;
			hasScannedForEncodings = 0;
			knownRegions = (
				en,
				Base,
			);
			mainGroup = 3C91545B1DF6A72900ACF682;
			productRefGroup = 3C9154651DF6A72900ACF682 /* Products */;
			projectDirPath = "";
			projectRoot = "";
			targets = (
				3C9154631DF6A72900ACF682 /* Capnote */,
				3C91547F1DF6A72900ACF682 /* CapnoteTests */,
				3C91548A1DF6A72900ACF682 /* CapnoteUITests */,
			);
		};
/* End PBXProject section */

/* Begin PBXResourcesBuildPhase section */
		3C9154621DF6A72900ACF682 /* Resources */ = {
			isa = PBXResourcesBuildPhase;
			buildActionMask = 2147483647;
			files = (
				3C91547A1DF6A72900ACF682 /* LaunchScreen.storyboard in Resources */,
				3C9154771DF6A72900ACF682 /* Assets.xcassets in Resources */,
				3C9154B31DF7E43400ACF682 /* GoogleService-Info.plist in Resources */,
				3C9154AF1DF7DD0000ACF682 /* Activity Feed-50.png in Resources */,
				3C9154721DF6A72900ACF682 /* Main.storyboard in Resources */,
			);
			runOnlyForDeploymentPostprocessing = 0;
		};
		3C91547E1DF6A72900ACF682 /* Resources */ = {
			isa = PBXResourcesBuildPhase;
			buildActionMask = 2147483647;
			files = (
				3C9154B01DF7DD0000ACF682 /* Activity Feed-50.png in Resources */,
				3C9154B41DF7E43400ACF682 /* GoogleService-Info.plist in Resources */,
			);
			runOnlyForDeploymentPostprocessing = 0;
		};
		3C9154891DF6A72900ACF682 /* Resources */ = {
			isa = PBXResourcesBuildPhase;
			buildActionMask = 2147483647;
			files = (
				3C9154B11DF7DD0000ACF682 /* Activity Feed-50.png in Resources */,
				3C9154B51DF7E43400ACF682 /* GoogleService-Info.plist in Resources */,
			);
			runOnlyForDeploymentPostprocessing = 0;
		};
/* End PBXResourcesBuildPhase section */

/* Begin PBXShellScriptBuildPhase section */
		11C081C2964487F9DD29B8CD /* [CP] Embed Pods Frameworks */ = {
			isa = PBXShellScriptBuildPhase;
			buildActionMask = 2147483647;
			files = (
			);
			inputPaths = (
			);
			name = "[CP] Embed Pods Frameworks";
			outputPaths = (
			);
			runOnlyForDeploymentPostprocessing = 0;
			shellPath = /bin/sh;
			shellScript = "\"${SRCROOT}/Pods/Target Support Files/Pods-CapnoteUITests/Pods-CapnoteUITests-frameworks.sh\"\n";
			showEnvVarsInLog = 0;
		};
		22FFDB3341C148020816A13A /* [CP] Check Pods Manifest.lock */ = {
			isa = PBXShellScriptBuildPhase;
			buildActionMask = 2147483647;
			files = (
			);
			inputPaths = (
			);
			name = "[CP] Check Pods Manifest.lock";
			outputPaths = (
			);
			runOnlyForDeploymentPostprocessing = 0;
			shellPath = /bin/sh;
			shellScript = "diff \"${PODS_ROOT}/../Podfile.lock\" \"${PODS_ROOT}/Manifest.lock\" > /dev/null\nif [ $? != 0 ] ; then\n    # print error to STDERR\n    echo \"error: The sandbox is not in sync with the Podfile.lock. Run 'pod install' or update your CocoaPods installation.\" >&2\n    exit 1\nfi\n";
			showEnvVarsInLog = 0;
		};
		247D0635A07C214BE4993311 /* [CP] Copy Pods Resources */ = {
			isa = PBXShellScriptBuildPhase;
			buildActionMask = 2147483647;
			files = (
			);
			inputPaths = (
			);
			name = "[CP] Copy Pods Resources";
			outputPaths = (
			);
			runOnlyForDeploymentPostprocessing = 0;
			shellPath = /bin/sh;
			shellScript = "\"${SRCROOT}/Pods/Target Support Files/Pods-CapnoteTests/Pods-CapnoteTests-resources.sh\"\n";
			showEnvVarsInLog = 0;
		};
		A79A9F3E9B8983536733617B /* [CP] Copy Pods Resources */ = {
			isa = PBXShellScriptBuildPhase;
			buildActionMask = 2147483647;
			files = (
			);
			inputPaths = (
			);
			name = "[CP] Copy Pods Resources";
			outputPaths = (
			);
			runOnlyForDeploymentPostprocessing = 0;
			shellPath = /bin/sh;
			shellScript = "\"${SRCROOT}/Pods/Target Support Files/Pods-CapnoteUITests/Pods-CapnoteUITests-resources.sh\"\n";
			showEnvVarsInLog = 0;
		};
		B169EE0F9AC66B815141E46B /* [CP] Check Pods Manifest.lock */ = {
			isa = PBXShellScriptBuildPhase;
			buildActionMask = 2147483647;
			files = (
			);
			inputPaths = (
			);
			name = "[CP] Check Pods Manifest.lock";
			outputPaths = (
			);
			runOnlyForDeploymentPostprocessing = 0;
			shellPath = /bin/sh;
			shellScript = "diff \"${PODS_ROOT}/../Podfile.lock\" \"${PODS_ROOT}/Manifest.lock\" > /dev/null\nif [ $? != 0 ] ; then\n    # print error to STDERR\n    echo \"error: The sandbox is not in sync with the Podfile.lock. Run 'pod install' or update your CocoaPods installation.\" >&2\n    exit 1\nfi\n";
			showEnvVarsInLog = 0;
		};
		C508D699FA03F3BB6E30E166 /* [CP] Check Pods Manifest.lock */ = {
			isa = PBXShellScriptBuildPhase;
			buildActionMask = 2147483647;
			files = (
			);
			inputPaths = (
			);
			name = "[CP] Check Pods Manifest.lock";
			outputPaths = (
			);
			runOnlyForDeploymentPostprocessing = 0;
			shellPath = /bin/sh;
			shellScript = "diff \"${PODS_ROOT}/../Podfile.lock\" \"${PODS_ROOT}/Manifest.lock\" > /dev/null\nif [ $? != 0 ] ; then\n    # print error to STDERR\n    echo \"error: The sandbox is not in sync with the Podfile.lock. Run 'pod install' or update your CocoaPods installation.\" >&2\n    exit 1\nfi\n";
			showEnvVarsInLog = 0;
		};
		E88952C8C0C127420DCAD0D8 /* [CP] Embed Pods Frameworks */ = {
			isa = PBXShellScriptBuildPhase;
			buildActionMask = 2147483647;
			files = (
			);
			inputPaths = (
			);
			name = "[CP] Embed Pods Frameworks";
			outputPaths = (
			);
			runOnlyForDeploymentPostprocessing = 0;
			shellPath = /bin/sh;
			shellScript = "\"${SRCROOT}/Pods/Target Support Files/Pods-CapnoteTests/Pods-CapnoteTests-frameworks.sh\"\n";
			showEnvVarsInLog = 0;
		};
		EEF1EAFA3E7074EE0CBA5157 /* [CP] Copy Pods Resources */ = {
			isa = PBXShellScriptBuildPhase;
			buildActionMask = 2147483647;
			files = (
			);
			inputPaths = (
			);
			name = "[CP] Copy Pods Resources";
			outputPaths = (
			);
			runOnlyForDeploymentPostprocessing = 0;
			shellPath = /bin/sh;
			shellScript = "\"${SRCROOT}/Pods/Target Support Files/Pods-Capnote/Pods-Capnote-resources.sh\"\n";
			showEnvVarsInLog = 0;
		};
		EFAFC4BDCCAEC3309BD5F9E5 /* [CP] Embed Pods Frameworks */ = {
			isa = PBXShellScriptBuildPhase;
			buildActionMask = 2147483647;
			files = (
			);
			inputPaths = (
			);
			name = "[CP] Embed Pods Frameworks";
			outputPaths = (
			);
			runOnlyForDeploymentPostprocessing = 0;
			shellPath = /bin/sh;
			shellScript = "\"${SRCROOT}/Pods/Target Support Files/Pods-Capnote/Pods-Capnote-frameworks.sh\"\n";
			showEnvVarsInLog = 0;
		};
/* End PBXShellScriptBuildPhase section */

/* Begin PBXSourcesBuildPhase section */
		3C9154601DF6A72900ACF682 /* Sources */ = {
			isa = PBXSourcesBuildPhase;
			buildActionMask = 2147483647;
			files = (
				3C9154A01DF7B17300ACF682 /* FeedTableViewController.m in Sources */,
				3C9154A51DF7B39800ACF682 /* FeedTableViewCell.m in Sources */,
				3C91546F1DF6A72900ACF682 /* ViewController.m in Sources */,
				3C91546C1DF6A72900ACF682 /* AppDelegate.m in Sources */,
				3C9154AB1DF7D44700ACF682 /* DataModel.m in Sources */,
				3C9154751DF6A72900ACF682 /* Capnote.xcdatamodeld in Sources */,
				3C9154691DF6A72900ACF682 /* main.m in Sources */,
			);
			runOnlyForDeploymentPostprocessing = 0;
		};
		3C91547C1DF6A72900ACF682 /* Sources */ = {
			isa = PBXSourcesBuildPhase;
			buildActionMask = 2147483647;
			files = (
				3C9154851DF6A72900ACF682 /* CapnoteTests.m in Sources */,
				3C9154AC1DF7D44700ACF682 /* DataModel.m in Sources */,
				3C9154A61DF7B39800ACF682 /* FeedTableViewCell.m in Sources */,
				3C9154A11DF7B17300ACF682 /* FeedTableViewController.m in Sources */,
			);
			runOnlyForDeploymentPostprocessing = 0;
		};
		3C9154871DF6A72900ACF682 /* Sources */ = {
			isa = PBXSourcesBuildPhase;
			buildActionMask = 2147483647;
			files = (
				3C9154901DF6A72900ACF682 /* CapnoteUITests.m in Sources */,
				3C9154AD1DF7D44700ACF682 /* DataModel.m in Sources */,
				3C9154A71DF7B39800ACF682 /* FeedTableViewCell.m in Sources */,
				3C9154A21DF7B17300ACF682 /* FeedTableViewController.m in Sources */,
			);
			runOnlyForDeploymentPostprocessing = 0;
		};
/* End PBXSourcesBuildPhase section */

/* Begin PBXTargetDependency section */
		3C9154821DF6A72900ACF682 /* PBXTargetDependency */ = {
			isa = PBXTargetDependency;
			target = 3C9154631DF6A72900ACF682 /* Capnote */;
			targetProxy = 3C9154811DF6A72900ACF682 /* PBXContainerItemProxy */;
		};
		3C91548D1DF6A72900ACF682 /* PBXTargetDependency */ = {
			isa = PBXTargetDependency;
			target = 3C9154631DF6A72900ACF682 /* Capnote */;
			targetProxy = 3C91548C1DF6A72900ACF682 /* PBXContainerItemProxy */;
		};
/* End PBXTargetDependency section */

/* Begin PBXVariantGroup section */
		3C9154701DF6A72900ACF682 /* Main.storyboard */ = {
			isa = PBXVariantGroup;
			children = (
				3C9154711DF6A72900ACF682 /* Base */,
			);
			name = Main.storyboard;
			sourceTree = "<group>";
		};
		3C9154781DF6A72900ACF682 /* LaunchScreen.storyboard */ = {
			isa = PBXVariantGroup;
			children = (
				3C9154791DF6A72900ACF682 /* Base */,
			);
			name = LaunchScreen.storyboard;
			sourceTree = "<group>";
		};
/* End PBXVariantGroup section */

/* Begin XCBuildConfiguration section */
		3C9154921DF6A72900ACF682 /* Debug */ = {
			isa = XCBuildConfiguration;
			buildSettings = {
				ALWAYS_SEARCH_USER_PATHS = NO;
				CLANG_ANALYZER_NONNULL = YES;
				CLANG_CXX_LANGUAGE_STANDARD = "gnu++0x";
				CLANG_CXX_LIBRARY = "libc++";
				CLANG_ENABLE_MODULES = YES;
				CLANG_ENABLE_OBJC_ARC = YES;
				CLANG_WARN_BOOL_CONVERSION = YES;
				CLANG_WARN_CONSTANT_CONVERSION = YES;
				CLANG_WARN_DIRECT_OBJC_ISA_USAGE = YES_ERROR;
				CLANG_WARN_DOCUMENTATION_COMMENTS = YES;
				CLANG_WARN_EMPTY_BODY = YES;
				CLANG_WARN_ENUM_CONVERSION = YES;
				CLANG_WARN_INFINITE_RECURSION = YES;
				CLANG_WARN_INT_CONVERSION = YES;
				CLANG_WARN_OBJC_ROOT_CLASS = YES_ERROR;
				CLANG_WARN_SUSPICIOUS_MOVES = YES;
				CLANG_WARN_UNREACHABLE_CODE = YES;
				CLANG_WARN__DUPLICATE_METHOD_MATCH = YES;
				"CODE_SIGN_IDENTITY[sdk=iphoneos*]" = "iPhone Developer";
				COPY_PHASE_STRIP = NO;
				DEBUG_INFORMATION_FORMAT = dwarf;
				ENABLE_STRICT_OBJC_MSGSEND = YES;
				ENABLE_TESTABILITY = YES;
				GCC_C_LANGUAGE_STANDARD = gnu99;
				GCC_DYNAMIC_NO_PIC = NO;
				GCC_NO_COMMON_BLOCKS = YES;
				GCC_OPTIMIZATION_LEVEL = 0;
				GCC_PREPROCESSOR_DEFINITIONS = (
					"DEBUG=1",
					"$(inherited)",
				);
				GCC_WARN_64_TO_32_BIT_CONVERSION = YES;
				GCC_WARN_ABOUT_RETURN_TYPE = YES_ERROR;
				GCC_WARN_UNDECLARED_SELECTOR = YES;
				GCC_WARN_UNINITIALIZED_AUTOS = YES_AGGRESSIVE;
				GCC_WARN_UNUSED_FUNCTION = YES;
				GCC_WARN_UNUSED_VARIABLE = YES;
				IPHONEOS_DEPLOYMENT_TARGET = 10.1;
				MTL_ENABLE_DEBUG_INFO = YES;
				ONLY_ACTIVE_ARCH = YES;
				SDKROOT = iphoneos;
			};
			name = Debug;
		};
		3C9154931DF6A72900ACF682 /* Release */ = {
			isa = XCBuildConfiguration;
			buildSettings = {
				ALWAYS_SEARCH_USER_PATHS = NO;
				CLANG_ANALYZER_NONNULL = YES;
				CLANG_CXX_LANGUAGE_STANDARD = "gnu++0x";
				CLANG_CXX_LIBRARY = "libc++";
				CLANG_ENABLE_MODULES = YES;
				CLANG_ENABLE_OBJC_ARC = YES;
				CLANG_WARN_BOOL_CONVERSION = YES;
				CLANG_WARN_CONSTANT_CONVERSION = YES;
				CLANG_WARN_DIRECT_OBJC_ISA_USAGE = YES_ERROR;
				CLANG_WARN_DOCUMENTATION_COMMENTS = YES;
				CLANG_WARN_EMPTY_BODY = YES;
				CLANG_WARN_ENUM_CONVERSION = YES;
				CLANG_WARN_INFINITE_RECURSION = YES;
				CLANG_WARN_INT_CONVERSION = YES;
				CLANG_WARN_OBJC_ROOT_CLASS = YES_ERROR;
				CLANG_WARN_SUSPICIOUS_MOVES = YES;
				CLANG_WARN_UNREACHABLE_CODE = YES;
				CLANG_WARN__DUPLICATE_METHOD_MATCH = YES;
				"CODE_SIGN_IDENTITY[sdk=iphoneos*]" = "iPhone Developer";
				COPY_PHASE_STRIP = NO;
				DEBUG_INFORMATION_FORMAT = "dwarf-with-dsym";
				ENABLE_NS_ASSERTIONS = NO;
				ENABLE_STRICT_OBJC_MSGSEND = YES;
				GCC_C_LANGUAGE_STANDARD = gnu99;
				GCC_NO_COMMON_BLOCKS = YES;
				GCC_WARN_64_TO_32_BIT_CONVERSION = YES;
				GCC_WARN_ABOUT_RETURN_TYPE = YES_ERROR;
				GCC_WARN_UNDECLARED_SELECTOR = YES;
				GCC_WARN_UNINITIALIZED_AUTOS = YES_AGGRESSIVE;
				GCC_WARN_UNUSED_FUNCTION = YES;
				GCC_WARN_UNUSED_VARIABLE = YES;
				IPHONEOS_DEPLOYMENT_TARGET = 10.1;
				MTL_ENABLE_DEBUG_INFO = NO;
				SDKROOT = iphoneos;
				VALIDATE_PRODUCT = YES;
			};
			name = Release;
		};
		3C9154951DF6A72900ACF682 /* Debug */ = {
			isa = XCBuildConfiguration;
			baseConfigurationReference = AF2B4DD2AFE1A1144D0C40E9 /* Pods-Capnote.debug.xcconfig */;
			buildSettings = {
				ASSETCATALOG_COMPILER_APPICON_NAME = AppIcon;
				CODE_SIGN_ENTITLEMENTS = Capnote/Capnote.entitlements;
				DEVELOPMENT_TEAM = 8M69JLFD46;
				INFOPLIST_FILE = Capnote/Info.plist;
				LD_RUNPATH_SEARCH_PATHS = "$(inherited) @executable_path/Frameworks";
				PRODUCT_BUNDLE_IDENTIFIER = com.daler.Capnote;
				PRODUCT_NAME = "$(TARGET_NAME)";
			};
			name = Debug;
		};
		3C9154961DF6A72900ACF682 /* Release */ = {
			isa = XCBuildConfiguration;
			baseConfigurationReference = 58B01B0A19F942C635E8E228 /* Pods-Capnote.release.xcconfig */;
			buildSettings = {
				ASSETCATALOG_COMPILER_APPICON_NAME = AppIcon;
				CODE_SIGN_ENTITLEMENTS = Capnote/Capnote.entitlements;
				DEVELOPMENT_TEAM = 8M69JLFD46;
				INFOPLIST_FILE = Capnote/Info.plist;
				LD_RUNPATH_SEARCH_PATHS = "$(inherited) @executable_path/Frameworks";
				PRODUCT_BUNDLE_IDENTIFIER = com.daler.Capnote;
				PRODUCT_NAME = "$(TARGET_NAME)";
			};
			name = Release;
		};
		3C9154981DF6A72900ACF682 /* Debug */ = {
			isa = XCBuildConfiguration;
			baseConfigurationReference = 3E3C7689A860E818D5854F74 /* Pods-CapnoteTests.debug.xcconfig */;
			buildSettings = {
				BUNDLE_LOADER = "$(TEST_HOST)";
				INFOPLIST_FILE = CapnoteTests/Info.plist;
				LD_RUNPATH_SEARCH_PATHS = "$(inherited) @executable_path/Frameworks @loader_path/Frameworks";
				PRODUCT_BUNDLE_IDENTIFIER = com.daler.CapnoteTests;
				PRODUCT_NAME = "$(TARGET_NAME)";
				TEST_HOST = "$(BUILT_PRODUCTS_DIR)/Capnote.app/Capnote";
			};
			name = Debug;
		};
		3C9154991DF6A72900ACF682 /* Release */ = {
			isa = XCBuildConfiguration;
			baseConfigurationReference = 3A53E03BAB94EBB4D004D14F /* Pods-CapnoteTests.release.xcconfig */;
			buildSettings = {
				BUNDLE_LOADER = "$(TEST_HOST)";
				INFOPLIST_FILE = CapnoteTests/Info.plist;
				LD_RUNPATH_SEARCH_PATHS = "$(inherited) @executable_path/Frameworks @loader_path/Frameworks";
				PRODUCT_BUNDLE_IDENTIFIER = com.daler.CapnoteTests;
				PRODUCT_NAME = "$(TARGET_NAME)";
				TEST_HOST = "$(BUILT_PRODUCTS_DIR)/Capnote.app/Capnote";
			};
			name = Release;
		};
		3C91549B1DF6A72900ACF682 /* Debug */ = {
			isa = XCBuildConfiguration;
			baseConfigurationReference = 35905CFE0A0AA86F5FCE5E75 /* Pods-CapnoteUITests.debug.xcconfig */;
			buildSettings = {
				INFOPLIST_FILE = CapnoteUITests/Info.plist;
				LD_RUNPATH_SEARCH_PATHS = "$(inherited) @executable_path/Frameworks @loader_path/Frameworks";
				PRODUCT_BUNDLE_IDENTIFIER = com.daler.CapnoteUITests;
				PRODUCT_NAME = "$(TARGET_NAME)";
				TEST_TARGET_NAME = Capnote;
			};
			name = Debug;
		};
		3C91549C1DF6A72900ACF682 /* Release */ = {
			isa = XCBuildConfiguration;
			baseConfigurationReference = 8F4D755AD2CFF407617A2D78 /* Pods-CapnoteUITests.release.xcconfig */;
			buildSettings = {
				INFOPLIST_FILE = CapnoteUITests/Info.plist;
				LD_RUNPATH_SEARCH_PATHS = "$(inherited) @executable_path/Frameworks @loader_path/Frameworks";
				PRODUCT_BUNDLE_IDENTIFIER = com.daler.CapnoteUITests;
				PRODUCT_NAME = "$(TARGET_NAME)";
				TEST_TARGET_NAME = Capnote;
			};
			name = Release;
		};
/* End XCBuildConfiguration section */

/* Begin XCConfigurationList section */
		3C91545F1DF6A72900ACF682 /* Build configuration list for PBXProject "Capnote" */ = {
			isa = XCConfigurationList;
			buildConfigurations = (
				3C9154921DF6A72900ACF682 /* Debug */,
				3C9154931DF6A72900ACF682 /* Release */,
			);
			defaultConfigurationIsVisible = 0;
			defaultConfigurationName = Release;
		};
		3C9154941DF6A72900ACF682 /* Build configuration list for PBXNativeTarget "Capnote" */ = {
			isa = XCConfigurationList;
			buildConfigurations = (
				3C9154951DF6A72900ACF682 /* Debug */,
				3C9154961DF6A72900ACF682 /* Release */,
			);
			defaultConfigurationIsVisible = 0;
			defaultConfigurationName = Release;
		};
		3C9154971DF6A72900ACF682 /* Build configuration list for PBXNativeTarget "CapnoteTests" */ = {
			isa = XCConfigurationList;
			buildConfigurations = (
				3C9154981DF6A72900ACF682 /* Debug */,
				3C9154991DF6A72900ACF682 /* Release */,
			);
			defaultConfigurationIsVisible = 0;
			defaultConfigurationName = Release;
		};
		3C91549A1DF6A72900ACF682 /* Build configuration list for PBXNativeTarget "CapnoteUITests" */ = {
			isa = XCConfigurationList;
			buildConfigurations = (
				3C91549B1DF6A72900ACF682 /* Debug */,
				3C91549C1DF6A72900ACF682 /* Release */,
			);
			defaultConfigurationIsVisible = 0;
			defaultConfigurationName = Release;
		};
/* End XCConfigurationList section */

/* Begin XCVersionGroup section */
		3C9154731DF6A72900ACF682 /* Capnote.xcdatamodeld */ = {
			isa = XCVersionGroup;
			children = (
				3C9154741DF6A72900ACF682 /* Capnote.xcdatamodel */,
			);
			currentVersion = 3C9154741DF6A72900ACF682 /* Capnote.xcdatamodel */;
			path = Capnote.xcdatamodeld;
			sourceTree = "<group>";
			versionGroupType = wrapper.xcdatamodel;
		};
/* End XCVersionGroup section */
	};
	rootObject = 3C91545C1DF6A72900ACF682 /* Project object */;
}
